
Microsoft Visual Studio Solution File, Format Version 12.00
# Visual Studio Version 17
VisualStudioVersion = 17.11.35327.3
MinimumVisualStudioVersion = 10.0.40219.1
Project("{8BC9CEB8-8B4A-11D0-8D11-00A0C91BC942}") = "C++12day", "C++12day\C++12day.vcxproj", "{A61F454F-8E2C-4B77-A31E-6AE5845DCD09}"
EndProject
Global
	GlobalSection(SolutionConfigurationPlatforms) = preSolution
		Debug|x64 = Debug|x64
		Debug|x86 = Debug|x86
		Release|x64 = Release|x64
		Release|x86 = Release|x86
	EndGlobalSection
	GlobalSection(ProjectConfigurationPlatforms) = postSolution
		{A61F454F-8E2C-4B77-A31E-6AE5845DCD09}.Debug|x64.ActiveCfg = Debug|x64
		{A61F454F-8E2C-4B77-A31E-6AE5845DCD09}.Debug|x64.Build.0 = Debug|x64
		{A61F454F-8E2C-4B77-A31E-6AE5845DCD09}.Debug|x86.ActiveCfg = Debug|Win32
		{A61F454F-8E2C-4B77-A31E-6AE5845DCD09}.Debug|x86.Build.0 = Debug|Win32
		{A61F454F-8E2C-4B77-A31E-6AE5845DCD09}.Release|x64.ActiveCfg = Release|x64
		{A61F454F-8E2C-4B77-A31E-6AE5845DCD09}.Release|x64.Build.0 = Release|x64
		{A61F454F-8E2C-4B77-A31E-6AE5845DCD09}.Release|x86.ActiveCfg = Release|Win32
		{A61F454F-8E2C-4B77-A31E-6AE5845DCD09}.Release|x86.Build.0 = Release|Win32
	EndGlobalSection
	GlobalSection(SolutionProperties) = preSolution
		HideSolutionNode = FALSE
	EndGlobalSection
	GlobalSection(ExtensibilityGlobals) = postSolution
		SolutionGuid = {6B64F371-6E74-4401-A9AD-3F71E38FB0A1}
	EndGlobalSection
EndGlobal
