
Microsoft Visual Studio Solution File, Format Version 12.00
# Visual Studio Version 17
VisualStudioVersion = 17.11.35327.3
MinimumVisualStudioVersion = 10.0.40219.1
Project("{8BC9CEB8-8B4A-11D0-8D11-00A0C91BC942}") = "al5", "al5\al5.vcxproj", "{118C8C5B-ED2C-49EC-A31E-6F4BC0DF546F}"
EndProject
Global
	GlobalSection(SolutionConfigurationPlatforms) = preSolution
		Debug|x64 = Debug|x64
		Debug|x86 = Debug|x86
		Release|x64 = Release|x64
		Release|x86 = Release|x86
	EndGlobalSection
	GlobalSection(ProjectConfigurationPlatforms) = postSolution
		{118C8C5B-ED2C-49EC-A31E-6F4BC0DF546F}.Debug|x64.ActiveCfg = Debug|x64
		{118C8C5B-ED2C-49EC-A31E-6F4BC0DF546F}.Debug|x64.Build.0 = Debug|x64
		{118C8C5B-ED2C-49EC-A31E-6F4BC0DF546F}.Debug|x86.ActiveCfg = Debug|Win32
		{118C8C5B-ED2C-49EC-A31E-6F4BC0DF546F}.Debug|x86.Build.0 = Debug|Win32
		{118C8C5B-ED2C-49EC-A31E-6F4BC0DF546F}.Release|x64.ActiveCfg = Release|x64
		{118C8C5B-ED2C-49EC-A31E-6F4BC0DF546F}.Release|x64.Build.0 = Release|x64
		{118C8C5B-ED2C-49EC-A31E-6F4BC0DF546F}.Release|x86.ActiveCfg = Release|Win32
		{118C8C5B-ED2C-49EC-A31E-6F4BC0DF546F}.Release|x86.Build.0 = Release|Win32
	EndGlobalSection
	GlobalSection(SolutionProperties) = preSolution
		HideSolutionNode = FALSE
	EndGlobalSection
	GlobalSection(ExtensibilityGlobals) = postSolution
		SolutionGuid = {38CAEDF9-A161-4C89-A349-817796EAFDFB}
	EndGlobalSection
EndGlobal
