
Microsoft Visual Studio Solution File, Format Version 12.00
# Visual Studio Version 17
VisualStudioVersion = 17.11.35327.3
MinimumVisualStudioVersion = 10.0.40219.1
Project("{8BC9CEB8-8B4A-11D0-8D11-00A0C91BC942}") = "C++10day", "C++10day\C++10day.vcxproj", "{DF968E57-3669-40AE-A35F-B3BB8BDE12B8}"
EndProject
Global
	GlobalSection(SolutionConfigurationPlatforms) = preSolution
		Debug|x64 = Debug|x64
		Debug|x86 = Debug|x86
		Release|x64 = Release|x64
		Release|x86 = Release|x86
	EndGlobalSection
	GlobalSection(ProjectConfigurationPlatforms) = postSolution
		{DF968E57-3669-40AE-A35F-B3BB8BDE12B8}.Debug|x64.ActiveCfg = Debug|x64
		{DF968E57-3669-40AE-A35F-B3BB8BDE12B8}.Debug|x64.Build.0 = Debug|x64
		{DF968E57-3669-40AE-A35F-B3BB8BDE12B8}.Debug|x86.ActiveCfg = Debug|Win32
		{DF968E57-3669-40AE-A35F-B3BB8BDE12B8}.Debug|x86.Build.0 = Debug|Win32
		{DF968E57-3669-40AE-A35F-B3BB8BDE12B8}.Release|x64.ActiveCfg = Release|x64
		{DF968E57-3669-40AE-A35F-B3BB8BDE12B8}.Release|x64.Build.0 = Release|x64
		{DF968E57-3669-40AE-A35F-B3BB8BDE12B8}.Release|x86.ActiveCfg = Release|Win32
		{DF968E57-3669-40AE-A35F-B3BB8BDE12B8}.Release|x86.Build.0 = Release|Win32
	EndGlobalSection
	GlobalSection(SolutionProperties) = preSolution
		HideSolutionNode = FALSE
	EndGlobalSection
	GlobalSection(ExtensibilityGlobals) = postSolution
		SolutionGuid = {07C62360-7543-4DBC-8EAB-73E67076C2BB}
	EndGlobalSection
EndGlobal
